// !$*UTF8*$!
{
	archiveVersion = 1;
	classes = {
	};
	objectVersion = 46;
	objects = {

/* Begin PBXBuildFile section */
		21706A131D7F17DD0025C17B /* goodslistitemdetail_bubble@2x.png in Resources */ = {isa = PBXBuildFile; fileRef = 21706A121D7F17DD0025C17B /* goodslistitemdetail_bubble@2x.png */; };
		2E2FF2C81DB6209C005B900F /* XZHMethodSwizzle.m in Sources */ = {isa = PBXBuildFile; fileRef = 2E2FF2C71DB6209C005B900F /* XZHMethodSwizzle.m */; };
		2E2FF2CC1DB6295B005B900F /* NSObject+XZHDataBase.m in Sources */ = {isa = PBXBuildFile; fileRef = 2E2FF2CB1DB6295B005B900F /* NSObject+XZHDataBase.m */; };
		2E2FF2CF1DB62971005B900F /* NSObject+XZHAssociate.m in Sources */ = {isa = PBXBuildFile; fileRef = 2E2FF2CE1DB62971005B900F /* NSObject+XZHAssociate.m */; };
		2E2FF2D21DB62984005B900F /* NSObject+XZHArchived.m in Sources */ = {isa = PBXBuildFile; fileRef = 2E2FF2D11DB62984005B900F /* NSObject+XZHArchived.m */; };
		2E5D4B301D7049F90081EAA1 /* main.m in Sources */ = {isa = PBXBuildFile; fileRef = 2E5D4B2F1D7049F90081EAA1 /* main.m */; };
		2E5D4B331D7049F90081EAA1 /* AppDelegate.m in Sources */ = {isa = PBXBuildFile; fileRef = 2E5D4B321D7049F90081EAA1 /* AppDelegate.m */; };
		2E5D4B361D7049F90081EAA1 /* ViewController.m in Sources */ = {isa = PBXBuildFile; fileRef = 2E5D4B351D7049F90081EAA1 /* ViewController.m */; };
		2E5D4B391D7049F90081EAA1 /* Main.storyboard in Resources */ = {isa = PBXBuildFile; fileRef = 2E5D4B371D7049F90081EAA1 /* Main.storyboard */; };
		2E5D4B3B1D7049F90081EAA1 /* Assets.xcassets in Resources */ = {isa = PBXBuildFile; fileRef = 2E5D4B3A1D7049F90081EAA1 /* Assets.xcassets */; };
		2E5D4B3E1D7049F90081EAA1 /* LaunchScreen.storyboard in Resources */ = {isa = PBXBuildFile; fileRef = 2E5D4B3C1D7049F90081EAA1 /* LaunchScreen.storyboard */; };
		2E5D4B491D7049F90081EAA1 /* XZHRuntimeDemoTests.m in Sources */ = {isa = PBXBuildFile; fileRef = 2E5D4B481D7049F90081EAA1 /* XZHRuntimeDemoTests.m */; };
		2E5D4B541D7049F90081EAA1 /* XZHRuntimeDemoUITests.m in Sources */ = {isa = PBXBuildFile; fileRef = 2E5D4B531D7049F90081EAA1 /* XZHRuntimeDemoUITests.m */; };
		2EA38B4B1DB60D980077610E /* Dog.m in Sources */ = {isa = PBXBuildFile; fileRef = 2EA38B4A1DB60D980077610E /* Dog.m */; };
		2EA38B6E1DB60EC60077610E /* NSObject+XZHCopying.m in Sources */ = {isa = PBXBuildFile; fileRef = 2EA38B641DB60EC60077610E /* NSObject+XZHCopying.m */; };
		2EA38B6F1DB60EC60077610E /* XZHRuntime.m in Sources */ = {isa = PBXBuildFile; fileRef = 2EA38B671DB60EC60077610E /* XZHRuntime.m */; };
		2EA38B701DB60EC60077610E /* NSObject+XZHJSONMapping.m in Sources */ = {isa = PBXBuildFile; fileRef = 2EA38B6B1DB60EC60077610E /* NSObject+XZHJSONMapping.m */; };
		2EAB4F7C1DC7563000F0A3F9 /* user.json in Resources */ = {isa = PBXBuildFile; fileRef = 2EAB4F7A1DC7563000F0A3F9 /* user.json */; };
		2EAB4F7D1DC7563000F0A3F9 /* weibo.json in Resources */ = {isa = PBXBuildFile; fileRef = 2EAB4F7B1DC7563000F0A3F9 /* weibo.json */; };
		2EAB4F801DC7564B00F0A3F9 /* UserModel.m in Sources */ = {isa = PBXBuildFile; fileRef = 2EAB4F7F1DC7564B00F0A3F9 /* UserModel.m */; };
		2EAB4F871DC756D500F0A3F9 /* NSObject+YYModel.m in Sources */ = {isa = PBXBuildFile; fileRef = 2EAB4F831DC756D500F0A3F9 /* NSObject+YYModel.m */; };
		2EAB4F881DC756D500F0A3F9 /* YYClassInfo.m in Sources */ = {isa = PBXBuildFile; fileRef = 2EAB4F851DC756D500F0A3F9 /* YYClassInfo.m */; };
/* End PBXBuildFile section */

/* Begin PBXContainerItemProxy section */
		2E5D4B451D7049F90081EAA1 /* PBXContainerItemProxy */ = {
			isa = PBXContainerItemProxy;
			containerPortal = 2E5D4B231D7049F90081EAA1 /* Project object */;
			proxyType = 1;
			remoteGlobalIDString = 2E5D4B2A1D7049F90081EAA1;
			remoteInfo = XZHRuntimeDemo;
		};
		2E5D4B501D7049F90081EAA1 /* PBXContainerItemProxy */ = {
			isa = PBXContainerItemProxy;
			containerPortal = 2E5D4B231D7049F90081EAA1 /* Project object */;
			proxyType = 1;
			remoteGlobalIDString = 2E5D4B2A1D7049F90081EAA1;
			remoteInfo = XZHRuntimeDemo;
		};
/* End PBXContainerItemProxy section */

/* Begin PBXFileReference section */
		21706A121D7F17DD0025C17B /* goodslistitemdetail_bubble@2x.png */ = {isa = PBXFileReference; lastKnownFileType = image.png; path = "goodslistitemdetail_bubble@2x.png"; sourceTree = "<group>"; };
		2E2FF2C61DB6209C005B900F /* XZHMethodSwizzle.h */ = {isa = PBXFileReference; fileEncoding = 4; lastKnownFileType = sourcecode.c.h; path = XZHMethodSwizzle.h; sourceTree = "<group>"; };
		2E2FF2C71DB6209C005B900F /* XZHMethodSwizzle.m */ = {isa = PBXFileReference; fileEncoding = 4; lastKnownFileType = sourcecode.c.objc; path = XZHMethodSwizzle.m; sourceTree = "<group>"; };
		2E2FF2CA1DB6295B005B900F /* NSObject+XZHDataBase.h */ = {isa = PBXFileReference; fileEncoding = 4; lastKnownFileType = sourcecode.c.h; path = "NSObject+XZHDataBase.h"; sourceTree = "<group>"; };
		2E2FF2CB1DB6295B005B900F /* NSObject+XZHDataBase.m */ = {isa = PBXFileReference; fileEncoding = 4; lastKnownFileType = sourcecode.c.objc; path = "NSObject+XZHDataBase.m"; sourceTree = "<group>"; };
		2E2FF2CD1DB62971005B900F /* NSObject+XZHAssociate.h */ = {isa = PBXFileReference; fileEncoding = 4; lastKnownFileType = sourcecode.c.h; path = "NSObject+XZHAssociate.h"; sourceTree = "<group>"; };
		2E2FF2CE1DB62971005B900F /* NSObject+XZHAssociate.m */ = {isa = PBXFileReference; fileEncoding = 4; lastKnownFileType = sourcecode.c.objc; path = "NSObject+XZHAssociate.m"; sourceTree = "<group>"; };
		2E2FF2D01DB62984005B900F /* NSObject+XZHArchived.h */ = {isa = PBXFileReference; fileEncoding = 4; lastKnownFileType = sourcecode.c.h; path = "NSObject+XZHArchived.h"; sourceTree = "<group>"; };
		2E2FF2D11DB62984005B900F /* NSObject+XZHArchived.m */ = {isa = PBXFileReference; fileEncoding = 4; lastKnownFileType = sourcecode.c.objc; path = "NSObject+XZHArchived.m"; sourceTree = "<group>"; };
		2E5D4B2B1D7049F90081EAA1 /* XZHRuntimeDemo.app */ = {isa = PBXFileReference; explicitFileType = wrapper.application; includeInIndex = 0; path = XZHRuntimeDemo.app; sourceTree = BUILT_PRODUCTS_DIR; };
		2E5D4B2F1D7049F90081EAA1 /* main.m */ = {isa = PBXFileReference; lastKnownFileType = sourcecode.c.objc; path = main.m; sourceTree = "<group>"; };
		2E5D4B311D7049F90081EAA1 /* AppDelegate.h */ = {isa = PBXFileReference; lastKnownFileType = sourcecode.c.h; path = AppDelegate.h; sourceTree = "<group>"; };
		2E5D4B321D7049F90081EAA1 /* AppDelegate.m */ = {isa = PBXFileReference; lastKnownFileType = sourcecode.c.objc; path = AppDelegate.m; sourceTree = "<group>"; };
		2E5D4B341D7049F90081EAA1 /* ViewController.h */ = {isa = PBXFileReference; lastKnownFileType = sourcecode.c.h; path = ViewController.h; sourceTree = "<group>"; };
		2E5D4B351D7049F90081EAA1 /* ViewController.m */ = {isa = PBXFileReference; lastKnownFileType = sourcecode.c.objc; path = ViewController.m; sourceTree = "<group>"; };
		2E5D4B381D7049F90081EAA1 /* Base */ = {isa = PBXFileReference; lastKnownFileType = file.storyboard; name = Base; path = Base.lproj/Main.storyboard; sourceTree = "<group>"; };
		2E5D4B3A1D7049F90081EAA1 /* Assets.xcassets */ = {isa = PBXFileReference; lastKnownFileType = folder.assetcatalog; path = Assets.xcassets; sourceTree = "<group>"; };
		2E5D4B3D1D7049F90081EAA1 /* Base */ = {isa = PBXFileReference; lastKnownFileType = file.storyboard; name = Base; path = Base.lproj/LaunchScreen.storyboard; sourceTree = "<group>"; };
		2E5D4B3F1D7049F90081EAA1 /* Info.plist */ = {isa = PBXFileReference; lastKnownFileType = text.plist.xml; path = Info.plist; sourceTree = "<group>"; };
		2E5D4B441D7049F90081EAA1 /* XZHRuntimeDemoTests.xctest */ = {isa = PBXFileReference; explicitFileType = wrapper.cfbundle; includeInIndex = 0; path = XZHRuntimeDemoTests.xctest; sourceTree = BUILT_PRODUCTS_DIR; };
		2E5D4B481D7049F90081EAA1 /* XZHRuntimeDemoTests.m */ = {isa = PBXFileReference; lastKnownFileType = sourcecode.c.objc; path = XZHRuntimeDemoTests.m; sourceTree = "<group>"; };
		2E5D4B4A1D7049F90081EAA1 /* Info.plist */ = {isa = PBXFileReference; lastKnownFileType = text.plist.xml; path = Info.plist; sourceTree = "<group>"; };
		2E5D4B4F1D7049F90081EAA1 /* XZHRuntimeDemoUITests.xctest */ = {isa = PBXFileReference; explicitFileType = wrapper.cfbundle; includeInIndex = 0; path = XZHRuntimeDemoUITests.xctest; sourceTree = BUILT_PRODUCTS_DIR; };
		2E5D4B531D7049F90081EAA1 /* XZHRuntimeDemoUITests.m */ = {isa = PBXFileReference; lastKnownFileType = sourcecode.c.objc; path = XZHRuntimeDemoUITests.m; sourceTree = "<group>"; };
		2E5D4B551D7049F90081EAA1 /* Info.plist */ = {isa = PBXFileReference; lastKnownFileType = text.plist.xml; path = Info.plist; sourceTree = "<group>"; };
		2EA38B491DB60D980077610E /* Dog.h */ = {isa = PBXFileReference; fileEncoding = 4; lastKnownFileType = sourcecode.c.h; path = Dog.h; sourceTree = "<group>"; };
		2EA38B4A1DB60D980077610E /* Dog.m */ = {isa = PBXFileReference; fileEncoding = 4; lastKnownFileType = sourcecode.c.objc; path = Dog.m; sourceTree = "<group>"; };
		2EA38B631DB60EC60077610E /* NSObject+XZHCopying.h */ = {isa = PBXFileReference; fileEncoding = 4; lastKnownFileType = sourcecode.c.h; path = "NSObject+XZHCopying.h"; sourceTree = "<group>"; };
		2EA38B641DB60EC60077610E /* NSObject+XZHCopying.m */ = {isa = PBXFileReference; fileEncoding = 4; lastKnownFileType = sourcecode.c.objc; path = "NSObject+XZHCopying.m"; sourceTree = "<group>"; };
		2EA38B661DB60EC60077610E /* XZHRuntime.h */ = {isa = PBXFileReference; fileEncoding = 4; lastKnownFileType = sourcecode.c.h; path = XZHRuntime.h; sourceTree = "<group>"; };
		2EA38B671DB60EC60077610E /* XZHRuntime.m */ = {isa = PBXFileReference; fileEncoding = 4; lastKnownFileType = sourcecode.c.objc; path = XZHRuntime.m; sourceTree = "<group>"; };
		2EA38B6A1DB60EC60077610E /* NSObject+XZHJSONMapping.h */ = {isa = PBXFileReference; fileEncoding = 4; lastKnownFileType = sourcecode.c.h; path = "NSObject+XZHJSONMapping.h"; sourceTree = "<group>"; };
		2EA38B6B1DB60EC60077610E /* NSObject+XZHJSONMapping.m */ = {isa = PBXFileReference; fileEncoding = 4; lastKnownFileType = sourcecode.c.objc; path = "NSObject+XZHJSONMapping.m"; sourceTree = "<group>"; };
		2EAB4F7A1DC7563000F0A3F9 /* user.json */ = {isa = PBXFileReference; fileEncoding = 4; lastKnownFileType = text.json; path = user.json; sourceTree = "<group>"; };
		2EAB4F7B1DC7563000F0A3F9 /* weibo.json */ = {isa = PBXFileReference; fileEncoding = 4; lastKnownFileType = text.json; path = weibo.json; sourceTree = "<group>"; };
		2EAB4F7E1DC7564B00F0A3F9 /* UserModel.h */ = {isa = PBXFileReference; fileEncoding = 4; lastKnownFileType = sourcecode.c.h; path = UserModel.h; sourceTree = "<group>"; };
		2EAB4F7F1DC7564B00F0A3F9 /* UserModel.m */ = {isa = PBXFileReference; fileEncoding = 4; lastKnownFileType = sourcecode.c.objc; path = UserModel.m; sourceTree = "<group>"; };
		2EAB4F821DC756D500F0A3F9 /* NSObject+YYModel.h */ = {isa = PBXFileReference; fileEncoding = 4; lastKnownFileType = sourcecode.c.h; path = "NSObject+YYModel.h"; sourceTree = "<group>"; };
		2EAB4F831DC756D500F0A3F9 /* NSObject+YYModel.m */ = {isa = PBXFileReference; fileEncoding = 4; lastKnownFileType = sourcecode.c.objc; path = "NSObject+YYModel.m"; sourceTree = "<group>"; };
		2EAB4F841DC756D500F0A3F9 /* YYClassInfo.h */ = {isa = PBXFileReference; fileEncoding = 4; lastKnownFileType = sourcecode.c.h; path = YYClassInfo.h; sourceTree = "<group>"; };
		2EAB4F851DC756D500F0A3F9 /* YYClassInfo.m */ = {isa = PBXFileReference; fileEncoding = 4; lastKnownFileType = sourcecode.c.objc; path = YYClassInfo.m; sourceTree = "<group>"; };
		2EAB4F861DC756D500F0A3F9 /* YYModel.h */ = {isa = PBXFileReference; fileEncoding = 4; lastKnownFileType = sourcecode.c.h; path = YYModel.h; sourceTree = "<group>"; };
/* End PBXFileReference section */

/* Begin PBXFrameworksBuildPhase section */
		2E5D4B281D7049F90081EAA1 /* Frameworks */ = {
			isa = PBXFrameworksBuildPhase;
			buildActionMask = 2147483647;
			files = (
			);
			runOnlyForDeploymentPostprocessing = 0;
		};
		2E5D4B411D7049F90081EAA1 /* Frameworks */ = {
			isa = PBXFrameworksBuildPhase;
			buildActionMask = 2147483647;
			files = (
			);
			runOnlyForDeploymentPostprocessing = 0;
		};
		2E5D4B4C1D7049F90081EAA1 /* Frameworks */ = {
			isa = PBXFrameworksBuildPhase;
			buildActionMask = 2147483647;
			files = (
			);
			runOnlyForDeploymentPostprocessing = 0;
		};
/* End PBXFrameworksBuildPhase section */

/* Begin PBXGroup section */
		2E2FF2C51DB6206E005B900F /* Swizzle */ = {
			isa = PBXGroup;
			children = (
				2E2FF2C61DB6209C005B900F /* XZHMethodSwizzle.h */,
				2E2FF2C71DB6209C005B900F /* XZHMethodSwizzle.m */,
			);
			path = Swizzle;
			sourceTree = "<group>";
		};
		2E2FF2C91DB620B6005B900F /* Associate */ = {
			isa = PBXGroup;
			children = (
				2E2FF2CD1DB62971005B900F /* NSObject+XZHAssociate.h */,
				2E2FF2CE1DB62971005B900F /* NSObject+XZHAssociate.m */,
			);
			path = Associate;
			sourceTree = "<group>";
		};
		2E5D4B221D7049F90081EAA1 = {
			isa = PBXGroup;
			children = (
				2E5D4B2D1D7049F90081EAA1 /* XZHRuntimeDemo */,
				2E5D4B471D7049F90081EAA1 /* XZHRuntimeDemoTests */,
				2E5D4B521D7049F90081EAA1 /* XZHRuntimeDemoUITests */,
				2E5D4B2C1D7049F90081EAA1 /* Products */,
			);
			sourceTree = "<group>";
		};
		2E5D4B2C1D7049F90081EAA1 /* Products */ = {
			isa = PBXGroup;
			children = (
				2E5D4B2B1D7049F90081EAA1 /* XZHRuntimeDemo.app */,
				2E5D4B441D7049F90081EAA1 /* XZHRuntimeDemoTests.xctest */,
				2E5D4B4F1D7049F90081EAA1 /* XZHRuntimeDemoUITests.xctest */,
			);
			name = Products;
			sourceTree = "<group>";
		};
		2E5D4B2D1D7049F90081EAA1 /* XZHRuntimeDemo */ = {
			isa = PBXGroup;
			children = (
				2EAB4F791DC755D700F0A3F9 /* TestJSONMapping */,
				2EA38B5E1DB60EC60077610E /* XZHRuntime */,
				2E5D4B311D7049F90081EAA1 /* AppDelegate.h */,
				2E5D4B321D7049F90081EAA1 /* AppDelegate.m */,
				2E5D4B341D7049F90081EAA1 /* ViewController.h */,
				2E5D4B351D7049F90081EAA1 /* ViewController.m */,
				2EA38B491DB60D980077610E /* Dog.h */,
				2EA38B4A1DB60D980077610E /* Dog.m */,
				21706A121D7F17DD0025C17B /* goodslistitemdetail_bubble@2x.png */,
				2E5D4B371D7049F90081EAA1 /* Main.storyboard */,
				2E5D4B3A1D7049F90081EAA1 /* Assets.xcassets */,
				2E5D4B3C1D7049F90081EAA1 /* LaunchScreen.storyboard */,
				2E5D4B3F1D7049F90081EAA1 /* Info.plist */,
				2E5D4B2E1D7049F90081EAA1 /* Supporting Files */,
			);
			path = XZHRuntimeDemo;
			sourceTree = "<group>";
		};
		2E5D4B2E1D7049F90081EAA1 /* Supporting Files */ = {
			isa = PBXGroup;
			children = (
				2E5D4B2F1D7049F90081EAA1 /* main.m */,
			);
			name = "Supporting Files";
			sourceTree = "<group>";
		};
		2E5D4B471D7049F90081EAA1 /* XZHRuntimeDemoTests */ = {
			isa = PBXGroup;
			children = (
				2E5D4B481D7049F90081EAA1 /* XZHRuntimeDemoTests.m */,
				2E5D4B4A1D7049F90081EAA1 /* Info.plist */,
			);
			path = XZHRuntimeDemoTests;
			sourceTree = "<group>";
		};
		2E5D4B521D7049F90081EAA1 /* XZHRuntimeDemoUITests */ = {
			isa = PBXGroup;
			children = (
				2E5D4B531D7049F90081EAA1 /* XZHRuntimeDemoUITests.m */,
				2E5D4B551D7049F90081EAA1 /* Info.plist */,
			);
			path = XZHRuntimeDemoUITests;
			sourceTree = "<group>";
		};
		2EA38B5E1DB60EC60077610E /* XZHRuntime */ = {
			isa = PBXGroup;
			children = (
				2EA38B651DB60EC60077610E /* Core */,
				2EAB4F781DC7537600F0A3F9 /* Model */,
				2E2FF2C91DB620B6005B900F /* Associate */,
				2E2FF2C51DB6206E005B900F /* Swizzle */,
				2EA38B5F1DB60EC60077610E /* Archive */,
				2EA38B621DB60EC60077610E /* Copy */,
				2EA38B681DB60EC60077610E /* DataBase */,
				2EA38B691DB60EC60077610E /* JSONModel */,
				2EA38B6C1DB60EC60077610E /* Observer */,
			);
			path = XZHRuntime;
			sourceTree = SOURCE_ROOT;
		};
		2EA38B5F1DB60EC60077610E /* Archive */ = {
			isa = PBXGroup;
			children = (
				2E2FF2D01DB62984005B900F /* NSObject+XZHArchived.h */,
				2E2FF2D11DB62984005B900F /* NSObject+XZHArchived.m */,
			);
			path = Archive;
			sourceTree = "<group>";
		};
		2EA38B621DB60EC60077610E /* Copy */ = {
			isa = PBXGroup;
			children = (
				2EA38B631DB60EC60077610E /* NSObject+XZHCopying.h */,
				2EA38B641DB60EC60077610E /* NSObject+XZHCopying.m */,
			);
			path = Copy;
			sourceTree = "<group>";
		};
		2EA38B651DB60EC60077610E /* Core */ = {
			isa = PBXGroup;
			children = (
				2EA38B661DB60EC60077610E /* XZHRuntime.h */,
				2EA38B671DB60EC60077610E /* XZHRuntime.m */,
			);
			path = Core;
			sourceTree = "<group>";
		};
		2EA38B681DB60EC60077610E /* DataBase */ = {
			isa = PBXGroup;
			children = (
				2E2FF2CA1DB6295B005B900F /* NSObject+XZHDataBase.h */,
				2E2FF2CB1DB6295B005B900F /* NSObject+XZHDataBase.m */,
			);
			path = DataBase;
			sourceTree = "<group>";
		};
		2EA38B691DB60EC60077610E /* JSONModel */ = {
			isa = PBXGroup;
			children = (
				2EA38B6A1DB60EC60077610E /* NSObject+XZHJSONMapping.h */,
				2EA38B6B1DB60EC60077610E /* NSObject+XZHJSONMapping.m */,
			);
			name = JSONModel;
			path = JSON;
			sourceTree = "<group>";
		};
		2EA38B6C1DB60EC60077610E /* Observer */ = {
			isa = PBXGroup;
			children = (
			);
			path = Observer;
			sourceTree = "<group>";
		};
		2EAB4F781DC7537600F0A3F9 /* Model */ = {
			isa = PBXGroup;
			children = (
			);
			name = Model;
			path = XZHRuntime/Model;
			sourceTree = SOURCE_ROOT;
		};
		2EAB4F791DC755D700F0A3F9 /* TestJSONMapping */ = {
			isa = PBXGroup;
			children = (
				2EAB4F811DC756D500F0A3F9 /* YYModel */,
				2EAB4F7A1DC7563000F0A3F9 /* user.json */,
				2EAB4F7B1DC7563000F0A3F9 /* weibo.json */,
				2EAB4F7E1DC7564B00F0A3F9 /* UserModel.h */,
				2EAB4F7F1DC7564B00F0A3F9 /* UserModel.m */,
			);
			path = TestJSONMapping;
			sourceTree = "<group>";
		};
		2EAB4F811DC756D500F0A3F9 /* YYModel */ = {
			isa = PBXGroup;
			children = (
				2EAB4F821DC756D500F0A3F9 /* NSObject+YYModel.h */,
				2EAB4F831DC756D500F0A3F9 /* NSObject+YYModel.m */,
				2EAB4F841DC756D500F0A3F9 /* YYClassInfo.h */,
				2EAB4F851DC756D500F0A3F9 /* YYClassInfo.m */,
				2EAB4F861DC756D500F0A3F9 /* YYModel.h */,
			);
			path = YYModel;
			sourceTree = "<group>";
		};
/* End PBXGroup section */

/* Begin PBXNativeTarget section */
		2E5D4B2A1D7049F90081EAA1 /* XZHRuntimeDemo */ = {
			isa = PBXNativeTarget;
			buildConfigurationList = 2E5D4B581D7049F90081EAA1 /* Build configuration list for PBXNativeTarget "XZHRuntimeDemo" */;
			buildPhases = (
				2E5D4B271D7049F90081EAA1 /* Sources */,
				2E5D4B281D7049F90081EAA1 /* Frameworks */,
				2E5D4B291D7049F90081EAA1 /* Resources */,
			);
			buildRules = (
			);
			dependencies = (
			);
			name = XZHRuntimeDemo;
			productName = XZHRuntimeDemo;
			productReference = 2E5D4B2B1D7049F90081EAA1 /* XZHRuntimeDemo.app */;
			productType = "com.apple.product-type.application";
		};
		2E5D4B431D7049F90081EAA1 /* XZHRuntimeDemoTests */ = {
			isa = PBXNativeTarget;
			buildConfigurationList = 2E5D4B5B1D7049F90081EAA1 /* Build configuration list for PBXNativeTarget "XZHRuntimeDemoTests" */;
			buildPhases = (
				2E5D4B401D7049F90081EAA1 /* Sources */,
				2E5D4B411D7049F90081EAA1 /* Frameworks */,
				2E5D4B421D7049F90081EAA1 /* Resources */,
			);
			buildRules = (
			);
			dependencies = (
				2E5D4B461D7049F90081EAA1 /* PBXTargetDependency */,
			);
			name = XZHRuntimeDemoTests;
			productName = XZHRuntimeDemoTests;
			productReference = 2E5D4B441D7049F90081EAA1 /* XZHRuntimeDemoTests.xctest */;
			productType = "com.apple.product-type.bundle.unit-test";
		};
		2E5D4B4E1D7049F90081EAA1 /* XZHRuntimeDemoUITests */ = {
			isa = PBXNativeTarget;
			buildConfigurationList = 2E5D4B5E1D7049F90081EAA1 /* Build configuration list for PBXNativeTarget "XZHRuntimeDemoUITests" */;
			buildPhases = (
				2E5D4B4B1D7049F90081EAA1 /* Sources */,
				2E5D4B4C1D7049F90081EAA1 /* Frameworks */,
				2E5D4B4D1D7049F90081EAA1 /* Resources */,
			);
			buildRules = (
			);
			dependencies = (
				2E5D4B511D7049F90081EAA1 /* PBXTargetDependency */,
			);
			name = XZHRuntimeDemoUITests;
			productName = XZHRuntimeDemoUITests;
			productReference = 2E5D4B4F1D7049F90081EAA1 /* XZHRuntimeDemoUITests.xctest */;
			productType = "com.apple.product-type.bundle.ui-testing";
		};
/* End PBXNativeTarget section */

/* Begin PBXProject section */
		2E5D4B231D7049F90081EAA1 /* Project object */ = {
			isa = PBXProject;
			attributes = {
				LastUpgradeCheck = 0730;
				ORGANIZATIONNAME = com.cn.fql;
				TargetAttributes = {
					2E5D4B2A1D7049F90081EAA1 = {
						CreatedOnToolsVersion = 7.3.1;
					};
					2E5D4B431D7049F90081EAA1 = {
						CreatedOnToolsVersion = 7.3.1;
						TestTargetID = 2E5D4B2A1D7049F90081EAA1;
					};
					2E5D4B4E1D7049F90081EAA1 = {
						CreatedOnToolsVersion = 7.3.1;
						TestTargetID = 2E5D4B2A1D7049F90081EAA1;
					};
				};
			};
			buildConfigurationList = 2E5D4B261D7049F90081EAA1 /* Build configuration list for PBXProject "XZHRuntimeDemo" */;
			compatibilityVersion = "Xcode 3.2";
			developmentRegion = English;
			hasScannedForEncodings = 0;
			knownRegions = (
				en,
				Base,
			);
			mainGroup = 2E5D4B221D7049F90081EAA1;
			productRefGroup = 2E5D4B2C1D7049F90081EAA1 /* Products */;
			projectDirPath = "";
			projectRoot = "";
			targets = (
				2E5D4B2A1D7049F90081EAA1 /* XZHRuntimeDemo */,
				2E5D4B431D7049F90081EAA1 /* XZHRuntimeDemoTests */,
				2E5D4B4E1D7049F90081EAA1 /* XZHRuntimeDemoUITests */,
			);
		};
/* End PBXProject section */

/* Begin PBXResourcesBuildPhase section */
		2E5D4B291D7049F90081EAA1 /* Resources */ = {
			isa = PBXResourcesBuildPhase;
			buildActionMask = 2147483647;
			files = (
				2E5D4B3E1D7049F90081EAA1 /* LaunchScreen.storyboard in Resources */,
				21706A131D7F17DD0025C17B /* goodslistitemdetail_bubble@2x.png in Resources */,
				2E5D4B3B1D7049F90081EAA1 /* Assets.xcassets in Resources */,
				2E5D4B391D7049F90081EAA1 /* Main.storyboard in Resources */,
				2EAB4F7D1DC7563000F0A3F9 /* weibo.json in Resources */,
				2EAB4F7C1DC7563000F0A3F9 /* user.json in Resources */,
			);
			runOnlyForDeploymentPostprocessing = 0;
		};
		2E5D4B421D7049F90081EAA1 /* Resources */ = {
			isa = PBXResourcesBuildPhase;
			buildActionMask = 2147483647;
			files = (
			);
			runOnlyForDeploymentPostprocessing = 0;
		};
		2E5D4B4D1D7049F90081EAA1 /* Resources */ = {
			isa = PBXResourcesBuildPhase;
			buildActionMask = 2147483647;
			files = (
			);
			runOnlyForDeploymentPostprocessing = 0;
		};
/* End PBXResourcesBuildPhase section */

/* Begin PBXSourcesBuildPhase section */
		2E5D4B271D7049F90081EAA1 /* Sources */ = {
			isa = PBXSourcesBuildPhase;
			buildActionMask = 2147483647;
			files = (
				2EAB4F871DC756D500F0A3F9 /* NSObject+YYModel.m in Sources */,
				2E5D4B361D7049F90081EAA1 /* ViewController.m in Sources */,
				2E5D4B331D7049F90081EAA1 /* AppDelegate.m in Sources */,
				2EAB4F801DC7564B00F0A3F9 /* UserModel.m in Sources */,
				2E2FF2CF1DB62971005B900F /* NSObject+XZHAssociate.m in Sources */,
				2E2FF2CC1DB6295B005B900F /* NSObject+XZHDataBase.m in Sources */,
				2EAB4F881DC756D500F0A3F9 /* YYClassInfo.m in Sources */,
				2EA38B4B1DB60D980077610E /* Dog.m in Sources */,
				2E2FF2D21DB62984005B900F /* NSObject+XZHArchived.m in Sources */,
				2EA38B6F1DB60EC60077610E /* XZHRuntime.m in Sources */,
				2EA38B6E1DB60EC60077610E /* NSObject+XZHCopying.m in Sources */,
				2E5D4B301D7049F90081EAA1 /* main.m in Sources */,
				2E2FF2C81DB6209C005B900F /* XZHMethodSwizzle.m in Sources */,
				2EA38B701DB60EC60077610E /* NSObject+XZHJSONMapping.m in Sources */,
			);
			runOnlyForDeploymentPostprocessing = 0;
		};
		2E5D4B401D7049F90081EAA1 /* Sources */ = {
			isa = PBXSourcesBuildPhase;
			buildActionMask = 2147483647;
			files = (
				2E5D4B491D7049F90081EAA1 /* XZHRuntimeDemoTests.m in Sources */,
			);
			runOnlyForDeploymentPostprocessing = 0;
		};
		2E5D4B4B1D7049F90081EAA1 /* Sources */ = {
			isa = PBXSourcesBuildPhase;
			buildActionMask = 2147483647;
			files = (
				2E5D4B541D7049F90081EAA1 /* XZHRuntimeDemoUITests.m in Sources */,
			);
			runOnlyForDeploymentPostprocessing = 0;
		};
/* End PBXSourcesBuildPhase section */

/* Begin PBXTargetDependency section */
		2E5D4B461D7049F90081EAA1 /* PBXTargetDependency */ = {
			isa = PBXTargetDependency;
			target = 2E5D4B2A1D7049F90081EAA1 /* XZHRuntimeDemo */;
			targetProxy = 2E5D4B451D7049F90081EAA1 /* PBXContainerItemProxy */;
		};
		2E5D4B511D7049F90081EAA1 /* PBXTargetDependency */ = {
			isa = PBXTargetDependency;
			target = 2E5D4B2A1D7049F90081EAA1 /* XZHRuntimeDemo */;
			targetProxy = 2E5D4B501D7049F90081EAA1 /* PBXContainerItemProxy */;
		};
/* End PBXTargetDependency section */

/* Begin PBXVariantGroup section */
		2E5D4B371D7049F90081EAA1 /* Main.storyboard */ = {
			isa = PBXVariantGroup;
			children = (
				2E5D4B381D7049F90081EAA1 /* Base */,
			);
			name = Main.storyboard;
			sourceTree = "<group>";
		};
		2E5D4B3C1D7049F90081EAA1 /* LaunchScreen.storyboard */ = {
			isa = PBXVariantGroup;
			children = (
				2E5D4B3D1D7049F90081EAA1 /* Base */,
			);
			name = LaunchScreen.storyboard;
			sourceTree = "<group>";
		};
/* End PBXVariantGroup section */

/* Begin XCBuildConfiguration section */
		2E5D4B561D7049F90081EAA1 /* Debug */ = {
			isa = XCBuildConfiguration;
			buildSettings = {
				ALWAYS_SEARCH_USER_PATHS = NO;
				CLANG_ANALYZER_NONNULL = YES;
				CLANG_CXX_LANGUAGE_STANDARD = "gnu++0x";
				CLANG_CXX_LIBRARY = "libc++";
				CLANG_ENABLE_MODULES = YES;
				CLANG_ENABLE_OBJC_ARC = YES;
				CLANG_WARN_BOOL_CONVERSION = YES;
				CLANG_WARN_CONSTANT_CONVERSION = YES;
				CLANG_WARN_DIRECT_OBJC_ISA_USAGE = YES_ERROR;
				CLANG_WARN_EMPTY_BODY = YES;
				CLANG_WARN_ENUM_CONVERSION = YES;
				CLANG_WARN_INT_CONVERSION = YES;
				CLANG_WARN_OBJC_ROOT_CLASS = YES_ERROR;
				CLANG_WARN_UNREACHABLE_CODE = YES;
				CLANG_WARN__DUPLICATE_METHOD_MATCH = YES;
				"CODE_SIGN_IDENTITY[sdk=iphoneos*]" = "iPhone Developer";
				COPY_PHASE_STRIP = NO;
				DEBUG_INFORMATION_FORMAT = dwarf;
				ENABLE_STRICT_OBJC_MSGSEND = YES;
				ENABLE_TESTABILITY = YES;
				GCC_C_LANGUAGE_STANDARD = gnu99;
				GCC_DYNAMIC_NO_PIC = NO;
				GCC_NO_COMMON_BLOCKS = YES;
				GCC_OPTIMIZATION_LEVEL = 0;
				GCC_PREPROCESSOR_DEFINITIONS = (
					"DEBUG=1",
					"$(inherited)",
				);
				GCC_WARN_64_TO_32_BIT_CONVERSION = YES;
				GCC_WARN_ABOUT_RETURN_TYPE = YES_ERROR;
				GCC_WARN_UNDECLARED_SELECTOR = YES;
				GCC_WARN_UNINITIALIZED_AUTOS = YES_AGGRESSIVE;
				GCC_WARN_UNUSED_FUNCTION = YES;
				GCC_WARN_UNUSED_VARIABLE = YES;
				IPHONEOS_DEPLOYMENT_TARGET = 9.3;
				MTL_ENABLE_DEBUG_INFO = YES;
				ONLY_ACTIVE_ARCH = YES;
				SDKROOT = iphoneos;
				TARGETED_DEVICE_FAMILY = "1,2";
			};
			name = Debug;
		};
		2E5D4B571D7049F90081EAA1 /* Release */ = {
			isa = XCBuildConfiguration;
			buildSettings = {
				ALWAYS_SEARCH_USER_PATHS = NO;
				CLANG_ANALYZER_NONNULL = YES;
				CLANG_CXX_LANGUAGE_STANDARD = "gnu++0x";
				CLANG_CXX_LIBRARY = "libc++";
				CLANG_ENABLE_MODULES = YES;
				CLANG_ENABLE_OBJC_ARC = YES;
				CLANG_WARN_BOOL_CONVERSION = YES;
				CLANG_WARN_CONSTANT_CONVERSION = YES;
				CLANG_WARN_DIRECT_OBJC_ISA_USAGE = YES_ERROR;
				CLANG_WARN_EMPTY_BODY = YES;
				CLANG_WARN_ENUM_CONVERSION = YES;
				CLANG_WARN_INT_CONVERSION = YES;
				CLANG_WARN_OBJC_ROOT_CLASS = YES_ERROR;
				CLANG_WARN_UNREACHABLE_CODE = YES;
				CLANG_WARN__DUPLICATE_METHOD_MATCH = YES;
				"CODE_SIGN_IDENTITY[sdk=iphoneos*]" = "iPhone Developer";
				COPY_PHASE_STRIP = NO;
				DEBUG_INFORMATION_FORMAT = "dwarf-with-dsym";
				ENABLE_NS_ASSERTIONS = NO;
				ENABLE_STRICT_OBJC_MSGSEND = YES;
				GCC_C_LANGUAGE_STANDARD = gnu99;
				GCC_NO_COMMON_BLOCKS = YES;
				GCC_WARN_64_TO_32_BIT_CONVERSION = YES;
				GCC_WARN_ABOUT_RETURN_TYPE = YES_ERROR;
				GCC_WARN_UNDECLARED_SELECTOR = YES;
				GCC_WARN_UNINITIALIZED_AUTOS = YES_AGGRESSIVE;
				GCC_WARN_UNUSED_FUNCTION = YES;
				GCC_WARN_UNUSED_VARIABLE = YES;
				IPHONEOS_DEPLOYMENT_TARGET = 9.3;
				MTL_ENABLE_DEBUG_INFO = NO;
				SDKROOT = iphoneos;
				TARGETED_DEVICE_FAMILY = "1,2";
				VALIDATE_PRODUCT = YES;
			};
			name = Release;
		};
		2E5D4B591D7049F90081EAA1 /* Debug */ = {
			isa = XCBuildConfiguration;
			buildSettings = {
				ASSETCATALOG_COMPILER_APPICON_NAME = AppIcon;
				CODE_SIGN_IDENTITY = "iPhone Developer";
				INFOPLIST_FILE = XZHRuntimeDemo/Info.plist;
				IPHONEOS_DEPLOYMENT_TARGET = 6.0;
				LD_RUNPATH_SEARCH_PATHS = "$(inherited) @executable_path/Frameworks";
				PRODUCT_BUNDLE_IDENTIFIER = com.cn.tql.XZHRuntimeDemo;
				PRODUCT_NAME = "$(TARGET_NAME)";
			};
			name = Debug;
		};
		2E5D4B5A1D7049F90081EAA1 /* Release */ = {
			isa = XCBuildConfiguration;
			buildSettings = {
				ASSETCATALOG_COMPILER_APPICON_NAME = AppIcon;
				CODE_SIGN_IDENTITY = "iPhone Developer";
				INFOPLIST_FILE = XZHRuntimeDemo/Info.plist;
				IPHONEOS_DEPLOYMENT_TARGET = 6.0;
				LD_RUNPATH_SEARCH_PATHS = "$(inherited) @executable_path/Frameworks";
				PRODUCT_BUNDLE_IDENTIFIER = com.cn.tql.XZHRuntimeDemo;
				PRODUCT_NAME = "$(TARGET_NAME)";
			};
			name = Release;
		};
		2E5D4B5C1D7049F90081EAA1 /* Debug */ = {
			isa = XCBuildConfiguration;
			buildSettings = {
				BUNDLE_LOADER = "$(TEST_HOST)";
				INFOPLIST_FILE = XZHRuntimeDemoTests/Info.plist;
				LD_RUNPATH_SEARCH_PATHS = "$(inherited) @executable_path/Frameworks @loader_path/Frameworks";
				PRODUCT_BUNDLE_IDENTIFIER = com.cn.tql.XZHRuntimeDemoTests;
				PRODUCT_NAME = "$(TARGET_NAME)";
				TEST_HOST = "$(BUILT_PRODUCTS_DIR)/XZHRuntimeDemo.app/XZHRuntimeDemo";
			};
			name = Debug;
		};
		2E5D4B5D1D7049F90081EAA1 /* Release */ = {
			isa = XCBuildConfiguration;
			buildSettings = {
				BUNDLE_LOADER = "$(TEST_HOST)";
				INFOPLIST_FILE = XZHRuntimeDemoTests/Info.plist;
				LD_RUNPATH_SEARCH_PATHS = "$(inherited) @executable_path/Frameworks @loader_path/Frameworks";
				PRODUCT_BUNDLE_IDENTIFIER = com.cn.tql.XZHRuntimeDemoTests;
				PRODUCT_NAME = "$(TARGET_NAME)";
				TEST_HOST = "$(BUILT_PRODUCTS_DIR)/XZHRuntimeDemo.app/XZHRuntimeDemo";
			};
			name = Release;
		};
		2E5D4B5F1D7049F90081EAA1 /* Debug */ = {
			isa = XCBuildConfiguration;
			buildSettings = {
				INFOPLIST_FILE = XZHRuntimeDemoUITests/Info.plist;
				LD_RUNPATH_SEARCH_PATHS = "$(inherited) @executable_path/Frameworks @loader_path/Frameworks";
				PRODUCT_BUNDLE_IDENTIFIER = com.cn.tql.XZHRuntimeDemoUITests;
				PRODUCT_NAME = "$(TARGET_NAME)";
				TEST_TARGET_NAME = XZHRuntimeDemo;
			};
			name = Debug;
		};
		2E5D4B601D7049F90081EAA1 /* Release */ = {
			isa = XCBuildConfiguration;
			buildSettings = {
				INFOPLIST_FILE = XZHRuntimeDemoUITests/Info.plist;
				LD_RUNPATH_SEARCH_PATHS = "$(inherited) @executable_path/Frameworks @loader_path/Frameworks";
				PRODUCT_BUNDLE_IDENTIFIER = com.cn.tql.XZHRuntimeDemoUITests;
				PRODUCT_NAME = "$(TARGET_NAME)";
				TEST_TARGET_NAME = XZHRuntimeDemo;
			};
			name = Release;
		};
/* End XCBuildConfiguration section */

/* Begin XCConfigurationList section */
		2E5D4B261D7049F90081EAA1 /* Build configuration list for PBXProject "XZHRuntimeDemo" */ = {
			isa = XCConfigurationList;
			buildConfigurations = (
				2E5D4B561D7049F90081EAA1 /* Debug */,
				2E5D4B571D7049F90081EAA1 /* Release */,
			);
			defaultConfigurationIsVisible = 0;
			defaultConfigurationName = Release;
		};
		2E5D4B581D7049F90081EAA1 /* Build configuration list for PBXNativeTarget "XZHRuntimeDemo" */ = {
			isa = XCConfigurationList;
			buildConfigurations = (
				2E5D4B591D7049F90081EAA1 /* Debug */,
				2E5D4B5A1D7049F90081EAA1 /* Release */,
			);
			defaultConfigurationIsVisible = 0;
			defaultConfigurationName = Release;
		};
		2E5D4B5B1D7049F90081EAA1 /* Build configuration list for PBXNativeTarget "XZHRuntimeDemoTests" */ = {
			isa = XCConfigurationList;
			buildConfigurations = (
				2E5D4B5C1D7049F90081EAA1 /* Debug */,
				2E5D4B5D1D7049F90081EAA1 /* Release */,
			);
			defaultConfigurationIsVisible = 0;
			defaultConfigurationName = Release;
		};
		2E5D4B5E1D7049F90081EAA1 /* Build configuration list for PBXNativeTarget "XZHRuntimeDemoUITests" */ = {
			isa = XCConfigurationList;
			buildConfigurations = (
				2E5D4B5F1D7049F90081EAA1 /* Debug */,
				2E5D4B601D7049F90081EAA1 /* Release */,
			);
			defaultConfigurationIsVisible = 0;
			defaultConfigurationName = Release;
		};
/* End XCConfigurationList section */
	};
	rootObject = 2E5D4B231D7049F90081EAA1 /* Project object */;
}
